
Microsoft Visual Studio Solution File, Format Version 12.00
# Visual Studio 14
VisualStudioVersion = 14.0.25420.1
MinimumVisualStudioVersion = 10.0.40219.1
Project("{FAE04EC0-301F-11D3-BF4B-00C04F79EFBC}") = "ebook", "ebook\ebook.csproj", "{4FC773D2-E407-4B69-B160-E9D199AB47A3}"
EndProject
Project("{FAE04EC0-301F-11D3-BF4B-00C04F79EFBC}") = "ebook.core", "Shell\ebook.core.csproj", "{AE778EF5-2403-48E3-BA58-EBD6BB857ED1}"
EndProject
Global
	GlobalSection(SolutionConfigurationPlatforms) = preSolution
		Debug|Any CPU = Debug|Any CPU
		Debug|x86 = Debug|x86
		Release|Any CPU = Release|Any CPU
		Release|x86 = Release|x86
	EndGlobalSection
	GlobalSection(ProjectConfigurationPlatforms) = postSolution
		{4FC773D2-E407-4B69-B160-E9D199AB47A3}.Debug|Any CPU.ActiveCfg = Debug|Any CPU
		{4FC773D2-E407-4B69-B160-E9D199AB47A3}.Debug|Any CPU.Build.0 = Debug|Any CPU
		{4FC773D2-E407-4B69-B160-E9D199AB47A3}.Debug|x86.ActiveCfg = Debug|x86
		{4FC773D2-E407-4B69-B160-E9D199AB47A3}.Debug|x86.Build.0 = Debug|x86
		{4FC773D2-E407-4B69-B160-E9D199AB47A3}.Release|Any CPU.ActiveCfg = Release|Any CPU
		{4FC773D2-E407-4B69-B160-E9D199AB47A3}.Release|Any CPU.Build.0 = Release|Any CPU
		{4FC773D2-E407-4B69-B160-E9D199AB47A3}.Release|x86.ActiveCfg = Release|x86
		{4FC773D2-E407-4B69-B160-E9D199AB47A3}.Release|x86.Build.0 = Release|x86
		{AE778EF5-2403-48E3-BA58-EBD6BB857ED1}.Debug|Any CPU.ActiveCfg = Debug|Any CPU
		{AE778EF5-2403-48E3-BA58-EBD6BB857ED1}.Debug|Any CPU.Build.0 = Debug|Any CPU
		{AE778EF5-2403-48E3-BA58-EBD6BB857ED1}.Debug|x86.ActiveCfg = Debug|x86
		{AE778EF5-2403-48E3-BA58-EBD6BB857ED1}.Debug|x86.Build.0 = Debug|x86
		{AE778EF5-2403-48E3-BA58-EBD6BB857ED1}.Release|Any CPU.ActiveCfg = Release|Any CPU
		{AE778EF5-2403-48E3-BA58-EBD6BB857ED1}.Release|Any CPU.Build.0 = Release|Any CPU
		{AE778EF5-2403-48E3-BA58-EBD6BB857ED1}.Release|x86.ActiveCfg = Release|x86
		{AE778EF5-2403-48E3-BA58-EBD6BB857ED1}.Release|x86.Build.0 = Release|x86
	EndGlobalSection
	GlobalSection(SolutionProperties) = preSolution
		HideSolutionNode = FALSE
	EndGlobalSection
EndGlobal
